
Microsoft Visual Studio Solution File, Format Version 12.00
# Visual Studio Version 17
VisualStudioVersion = 17.3.32804.467
MinimumVisualStudioVersion = 10.0.40219.1
Project("{9A19103F-16F7-4668-BE54-9A1E7A4F7556}") = "CFVanguard", "Cardfight Vanguard Plug-In\CFVanguard.csproj", "{17F50352-F010-41DC-B21A-D04D32F21462}"
EndProject
Project("{9A19103F-16F7-4668-BE54-9A1E7A4F7556}") = "ConvertFromLackeyCCG", "ConvertFromLackeyCCG\ConvertFromLackeyCCG.csproj", "{A33EE196-C2CE-474B-A34D-DB29A2E75029}"
EndProject
Project("{9A19103F-16F7-4668-BE54-9A1E7A4F7556}") = "CardfightWikiWebScraper", "CardfightWikiWebScraper\CardfightWikiWebScraper.csproj", "{20BCEA56-E276-4A3F-A2A5-4FB2361340D8}"
EndProject
Global
	GlobalSection(SolutionConfigurationPlatforms) = preSolution
		Debug|Any CPU = Debug|Any CPU
		Release|Any CPU = Release|Any CPU
	EndGlobalSection
	GlobalSection(ProjectConfigurationPlatforms) = postSolution
		{17F50352-F010-41DC-B21A-D04D32F21462}.Debug|Any CPU.ActiveCfg = Debug|Any CPU
		{17F50352-F010-41DC-B21A-D04D32F21462}.Debug|Any CPU.Build.0 = Debug|Any CPU
		{17F50352-F010-41DC-B21A-D04D32F21462}.Release|Any CPU.ActiveCfg = Release|Any CPU
		{17F50352-F010-41DC-B21A-D04D32F21462}.Release|Any CPU.Build.0 = Release|Any CPU
		{A33EE196-C2CE-474B-A34D-DB29A2E75029}.Debug|Any CPU.ActiveCfg = Debug|Any CPU
		{A33EE196-C2CE-474B-A34D-DB29A2E75029}.Debug|Any CPU.Build.0 = Debug|Any CPU
		{A33EE196-C2CE-474B-A34D-DB29A2E75029}.Release|Any CPU.ActiveCfg = Release|Any CPU
		{A33EE196-C2CE-474B-A34D-DB29A2E75029}.Release|Any CPU.Build.0 = Release|Any CPU
		{20BCEA56-E276-4A3F-A2A5-4FB2361340D8}.Debug|Any CPU.ActiveCfg = Debug|Any CPU
		{20BCEA56-E276-4A3F-A2A5-4FB2361340D8}.Debug|Any CPU.Build.0 = Debug|Any CPU
		{20BCEA56-E276-4A3F-A2A5-4FB2361340D8}.Release|Any CPU.ActiveCfg = Release|Any CPU
		{20BCEA56-E276-4A3F-A2A5-4FB2361340D8}.Release|Any CPU.Build.0 = Release|Any CPU
	EndGlobalSection
	GlobalSection(SolutionProperties) = preSolution
		HideSolutionNode = FALSE
	EndGlobalSection
	GlobalSection(ExtensibilityGlobals) = postSolution
		SolutionGuid = {41572D6F-3FCB-49A5-8E7D-184689BCB9EF}
	EndGlobalSection
EndGlobal
